
Microsoft Visual Studio Solution File, Format Version 12.00
# Visual Studio Version 16
VisualStudioVersion = 16.0.31205.134
MinimumVisualStudioVersion = 10.0.40219.1
Project("{9A19103F-16F7-4668-BE54-9A1E7A4F7556}") = "Reverse Array", "Reverse Array\Reverse Array.csproj", "{ACB19AE9-6340-4016-8AD3-B796AE07FE7F}"
EndProject
Project("{9A19103F-16F7-4668-BE54-9A1E7A4F7556}") = "Nested Loops To Recursion", "Nested Loops To Recursion\Nested Loops To Recursion.csproj", "{C7B26ABF-EE41-4F05-9B8F-E239282D223A}"
EndProject
Project("{FAE04EC0-301F-11D3-BF4B-00C04F79EFBC}") = "Combinations with Repetition", "Combinations with Repetition\Combinations with Repetition.csproj", "{54701F16-A8E1-4C7C-A638-C9E462A9199A}"
EndProject
Project("{FAE04EC0-301F-11D3-BF4B-00C04F79EFBC}") = "Combinations without Repetition", "Combinations without Repetition\Combinations without Repetition.csproj", "{D75EF292-843F-4967-824F-CF4412E7D3CC}"
EndProject
Global
	GlobalSection(SolutionConfigurationPlatforms) = preSolution
		Debug|Any CPU = Debug|Any CPU
		Release|Any CPU = Release|Any CPU
	EndGlobalSection
	GlobalSection(ProjectConfigurationPlatforms) = postSolution
		{ACB19AE9-6340-4016-8AD3-B796AE07FE7F}.Debug|Any CPU.ActiveCfg = Debug|Any CPU
		{ACB19AE9-6340-4016-8AD3-B796AE07FE7F}.Debug|Any CPU.Build.0 = Debug|Any CPU
		{ACB19AE9-6340-4016-8AD3-B796AE07FE7F}.Release|Any CPU.ActiveCfg = Release|Any CPU
		{ACB19AE9-6340-4016-8AD3-B796AE07FE7F}.Release|Any CPU.Build.0 = Release|Any CPU
		{C7B26ABF-EE41-4F05-9B8F-E239282D223A}.Debug|Any CPU.ActiveCfg = Debug|Any CPU
		{C7B26ABF-EE41-4F05-9B8F-E239282D223A}.Debug|Any CPU.Build.0 = Debug|Any CPU
		{C7B26ABF-EE41-4F05-9B8F-E239282D223A}.Release|Any CPU.ActiveCfg = Release|Any CPU
		{C7B26ABF-EE41-4F05-9B8F-E239282D223A}.Release|Any CPU.Build.0 = Release|Any CPU
		{54701F16-A8E1-4C7C-A638-C9E462A9199A}.Debug|Any CPU.ActiveCfg = Debug|Any CPU
		{54701F16-A8E1-4C7C-A638-C9E462A9199A}.Debug|Any CPU.Build.0 = Debug|Any CPU
		{54701F16-A8E1-4C7C-A638-C9E462A9199A}.Release|Any CPU.ActiveCfg = Release|Any CPU
		{54701F16-A8E1-4C7C-A638-C9E462A9199A}.Release|Any CPU.Build.0 = Release|Any CPU
		{D75EF292-843F-4967-824F-CF4412E7D3CC}.Debug|Any CPU.ActiveCfg = Debug|Any CPU
		{D75EF292-843F-4967-824F-CF4412E7D3CC}.Debug|Any CPU.Build.0 = Debug|Any CPU
		{D75EF292-843F-4967-824F-CF4412E7D3CC}.Release|Any CPU.ActiveCfg = Release|Any CPU
		{D75EF292-843F-4967-824F-CF4412E7D3CC}.Release|Any CPU.Build.0 = Release|Any CPU
	EndGlobalSection
	GlobalSection(SolutionProperties) = preSolution
		HideSolutionNode = FALSE
	EndGlobalSection
	GlobalSection(ExtensibilityGlobals) = postSolution
		SolutionGuid = {277EBF0A-A641-47C2-BDE0-3AFABBFC056F}
	EndGlobalSection
EndGlobal
