
Microsoft Visual Studio Solution File, Format Version 12.00
# Visual Studio Version 16
VisualStudioVersion = 16.0.31205.134
MinimumVisualStudioVersion = 10.0.40219.1
Project("{FAE04EC0-301F-11D3-BF4B-00C04F79EFBC}") = "Reverse Array", "Reverse Array\Reverse Array.csproj", "{ACB19AE9-6340-4016-8AD3-B796AE07FE7F}"
EndProject
Global
	GlobalSection(SolutionConfigurationPlatforms) = preSolution
		Debug|Any CPU = Debug|Any CPU
		Release|Any CPU = Release|Any CPU
	EndGlobalSection
	GlobalSection(ProjectConfigurationPlatforms) = postSolution
		{ACB19AE9-6340-4016-8AD3-B796AE07FE7F}.Debug|Any CPU.ActiveCfg = Debug|Any CPU
		{ACB19AE9-6340-4016-8AD3-B796AE07FE7F}.Debug|Any CPU.Build.0 = Debug|Any CPU
		{ACB19AE9-6340-4016-8AD3-B796AE07FE7F}.Release|Any CPU.ActiveCfg = Release|Any CPU
		{ACB19AE9-6340-4016-8AD3-B796AE07FE7F}.Release|Any CPU.Build.0 = Release|Any CPU
	EndGlobalSection
	GlobalSection(SolutionProperties) = preSolution
		HideSolutionNode = FALSE
	EndGlobalSection
	GlobalSection(ExtensibilityGlobals) = postSolution
		SolutionGuid = {277EBF0A-A641-47C2-BDE0-3AFABBFC056F}
	EndGlobalSection
EndGlobal
