
Microsoft Visual Studio Solution File, Format Version 12.00
# Visual Studio Version 16
VisualStudioVersion = 16.0.30804.86
MinimumVisualStudioVersion = 10.0.40219.1
Project("{FAE04EC0-301F-11D3-BF4B-00C04F79EFBC}") = "Recursive Array Sum", "Recursive Array Sum\Recursive Array Sum.csproj", "{80731D89-FD78-43A2-933B-5F3757A4737D}"
EndProject
Project("{FAE04EC0-301F-11D3-BF4B-00C04F79EFBC}") = "Recursive Drawing", "Recursive Drawing\Recursive Drawing.csproj", "{8733B474-0652-4EA1-9EE3-B17C18EE05DF}"
EndProject
Project("{FAE04EC0-301F-11D3-BF4B-00C04F79EFBC}") = "Generating Vectors", "Generating Vectors\Generating Vectors.csproj", "{0DC1F35E-CDFA-492A-9785-62E379516144}"
EndProject
Global
	GlobalSection(SolutionConfigurationPlatforms) = preSolution
		Debug|Any CPU = Debug|Any CPU
		Release|Any CPU = Release|Any CPU
	EndGlobalSection
	GlobalSection(ProjectConfigurationPlatforms) = postSolution
		{80731D89-FD78-43A2-933B-5F3757A4737D}.Debug|Any CPU.ActiveCfg = Debug|Any CPU
		{80731D89-FD78-43A2-933B-5F3757A4737D}.Debug|Any CPU.Build.0 = Debug|Any CPU
		{80731D89-FD78-43A2-933B-5F3757A4737D}.Release|Any CPU.ActiveCfg = Release|Any CPU
		{80731D89-FD78-43A2-933B-5F3757A4737D}.Release|Any CPU.Build.0 = Release|Any CPU
		{8733B474-0652-4EA1-9EE3-B17C18EE05DF}.Debug|Any CPU.ActiveCfg = Debug|Any CPU
		{8733B474-0652-4EA1-9EE3-B17C18EE05DF}.Debug|Any CPU.Build.0 = Debug|Any CPU
		{8733B474-0652-4EA1-9EE3-B17C18EE05DF}.Release|Any CPU.ActiveCfg = Release|Any CPU
		{8733B474-0652-4EA1-9EE3-B17C18EE05DF}.Release|Any CPU.Build.0 = Release|Any CPU
		{0DC1F35E-CDFA-492A-9785-62E379516144}.Debug|Any CPU.ActiveCfg = Debug|Any CPU
		{0DC1F35E-CDFA-492A-9785-62E379516144}.Debug|Any CPU.Build.0 = Debug|Any CPU
		{0DC1F35E-CDFA-492A-9785-62E379516144}.Release|Any CPU.ActiveCfg = Release|Any CPU
		{0DC1F35E-CDFA-492A-9785-62E379516144}.Release|Any CPU.Build.0 = Release|Any CPU
	EndGlobalSection
	GlobalSection(SolutionProperties) = preSolution
		HideSolutionNode = FALSE
	EndGlobalSection
	GlobalSection(ExtensibilityGlobals) = postSolution
		SolutionGuid = {DA7D6152-7BCA-4D02-926F-CD845B193B80}
	EndGlobalSection
EndGlobal
