
Microsoft Visual Studio Solution File, Format Version 12.00
# Visual Studio Version 16
VisualStudioVersion = 16.0.30204.135
MinimumVisualStudioVersion = 10.0.40219.1
Project("{FAE04EC0-301F-11D3-BF4B-00C04F79EFBC}") = "Binary Search", "Binary Search\Binary Search.csproj", "{5873A0C4-1A79-4DE4-A7C8-BEAB774D9223}"
EndProject
Project("{FAE04EC0-301F-11D3-BF4B-00C04F79EFBC}") = "Selection Sort", "Selection Sort\Selection Sort.csproj", "{CC4F4ACE-B4CD-4B4D-90EF-080A8A4CC650}"
EndProject
Project("{FAE04EC0-301F-11D3-BF4B-00C04F79EFBC}") = "Bubble Sort", "Bubble Sort\Bubble Sort.csproj", "{C61E74D0-B940-43AB-B22F-401CD04365B9}"
EndProject
Project("{FAE04EC0-301F-11D3-BF4B-00C04F79EFBC}") = "Insertion Sort", "Insertion Sort\Insertion Sort.csproj", "{24ACECA5-A4CC-4D38-A922-D8A5D5A91C3B}"
EndProject
Global
	GlobalSection(SolutionConfigurationPlatforms) = preSolution
		Debug|Any CPU = Debug|Any CPU
		Release|Any CPU = Release|Any CPU
	EndGlobalSection
	GlobalSection(ProjectConfigurationPlatforms) = postSolution
		{5873A0C4-1A79-4DE4-A7C8-BEAB774D9223}.Debug|Any CPU.ActiveCfg = Debug|Any CPU
		{5873A0C4-1A79-4DE4-A7C8-BEAB774D9223}.Debug|Any CPU.Build.0 = Debug|Any CPU
		{5873A0C4-1A79-4DE4-A7C8-BEAB774D9223}.Release|Any CPU.ActiveCfg = Release|Any CPU
		{5873A0C4-1A79-4DE4-A7C8-BEAB774D9223}.Release|Any CPU.Build.0 = Release|Any CPU
		{CC4F4ACE-B4CD-4B4D-90EF-080A8A4CC650}.Debug|Any CPU.ActiveCfg = Debug|Any CPU
		{CC4F4ACE-B4CD-4B4D-90EF-080A8A4CC650}.Debug|Any CPU.Build.0 = Debug|Any CPU
		{CC4F4ACE-B4CD-4B4D-90EF-080A8A4CC650}.Release|Any CPU.ActiveCfg = Release|Any CPU
		{CC4F4ACE-B4CD-4B4D-90EF-080A8A4CC650}.Release|Any CPU.Build.0 = Release|Any CPU
		{C61E74D0-B940-43AB-B22F-401CD04365B9}.Debug|Any CPU.ActiveCfg = Debug|Any CPU
		{C61E74D0-B940-43AB-B22F-401CD04365B9}.Debug|Any CPU.Build.0 = Debug|Any CPU
		{C61E74D0-B940-43AB-B22F-401CD04365B9}.Release|Any CPU.ActiveCfg = Release|Any CPU
		{C61E74D0-B940-43AB-B22F-401CD04365B9}.Release|Any CPU.Build.0 = Release|Any CPU
		{24ACECA5-A4CC-4D38-A922-D8A5D5A91C3B}.Debug|Any CPU.ActiveCfg = Debug|Any CPU
		{24ACECA5-A4CC-4D38-A922-D8A5D5A91C3B}.Debug|Any CPU.Build.0 = Debug|Any CPU
		{24ACECA5-A4CC-4D38-A922-D8A5D5A91C3B}.Release|Any CPU.ActiveCfg = Release|Any CPU
		{24ACECA5-A4CC-4D38-A922-D8A5D5A91C3B}.Release|Any CPU.Build.0 = Release|Any CPU
	EndGlobalSection
	GlobalSection(SolutionProperties) = preSolution
		HideSolutionNode = FALSE
	EndGlobalSection
	GlobalSection(ExtensibilityGlobals) = postSolution
		SolutionGuid = {D8F8BBA8-F0A0-4389-AEE1-B63F81E914AF}
	EndGlobalSection
EndGlobal
